
Microsoft Visual Studio Solution File, Format Version 12.00
# Visual Studio Version 17
VisualStudioVersion = 17.14.36202.13
MinimumVisualStudioVersion = 10.0.40219.1
Project("{8BC9CEB8-8B4A-11D0-8D11-00A0C91BC942}") = "Core", "Engine\Core\Core.vcxproj", "{3EA077BE-CD29-4842-B740-1D746785C778}"
EndProject
Project("{8BC9CEB8-8B4A-11D0-8D11-00A0C91BC942}") = "01_MemoryTest", "Samples\01_MemoryTest\01_MemoryTest.vcxproj", "{CEA17450-3654-41B3-B546-8423EA46AF26}"
EndProject
Project("{2150E333-8FDC-42A3-9474-1A3956D46DE8}") = "Samples", "Samples", "{02EA681E-C7D8-13C7-8484-4AC65E1B71E8}"
EndProject
Project("{8BC9CEB8-8B4A-11D0-8D11-00A0C91BC942}") = "02_PoolAllocatorTest", "Samples\02_PoolAllocatorTest\02_PoolAllocatorTest.vcxproj", "{0E18D7C1-34BC-4F7A-A461-7BB845231ADF}"
EndProject
Project("{8BC9CEB8-8B4A-11D0-8D11-00A0C91BC942}") = "03_StackAllocatorTest", "Samples\03_StackAllocatorTest\03_StackAllocatorTest.vcxproj", "{883D9526-9C85-4471-8730-35E5645427E4}"
EndProject
Project("{8BC9CEB8-8B4A-11D0-8D11-00A0C91BC942}") = "Math", "Engine\Math\Math.vcxproj", "{135EC8ED-9058-416E-96ED-E5A32F589FDC}"
EndProject
Project("{8BC9CEB8-8B4A-11D0-8D11-00A0C91BC942}") = "04_MathTest", "Samples\04_MathTest\04_MathTest.vcxproj", "{A890DC48-E263-41AA-924D-60AEC7842EC7}"
EndProject
Project("{8BC9CEB8-8B4A-11D0-8D11-00A0C91BC942}") = "05_LoggingTest", "Samples\05_LoggingTest\05_LoggingTest.vcxproj", "{A088F58C-7F70-4F2E-966E-7C6C8BDCC04D}"
EndProject
Project("{8BC9CEB8-8B4A-11D0-8D11-00A0C91BC942}") = "Platform", "Engine\Platform\Platform.vcxproj", "{0C51D24B-1769-489B-9C9C-14EDBA1F7EC8}"
EndProject
Project("{8BC9CEB8-8B4A-11D0-8D11-00A0C91BC942}") = "06_WindowTest", "Samples\06_WindowTest\06_WindowTest.vcxproj", "{EC4D3E8B-9384-45FB-BB91-F1F4707DA4FB}"
EndProject
Project("{8BC9CEB8-8B4A-11D0-8D11-00A0C91BC942}") = "07_InputTest", "Samples\07_InputTest\07_InputTest.vcxproj", "{5A7AC121-D63E-4261-B9A2-B93BB9DF0052}"
EndProject
Project("{8BC9CEB8-8B4A-11D0-8D11-00A0C91BC942}") = "Graphics", "Engine\Graphics\Graphics.vcxproj", "{F1AB72EF-77AF-4CDC-A6CF-EE061480BDDB}"
EndProject
Project("{8BC9CEB8-8B4A-11D0-8D11-00A0C91BC942}") = "08_DX12Init", "Samples\08_DX12Init\08_DX12Init.vcxproj", "{22D355CB-BA28-4224-BDF4-CED25C8A3874}"
EndProject
Project("{8BC9CEB8-8B4A-11D0-8D11-00A0C91BC942}") = "09_HelloTriangles", "Samples\09_HelloTriangles\09_HelloTriangles.vcxproj", "{F40C9725-D390-44C3-B1EF-FFAFF0E95B86}"
EndProject
Project("{8BC9CEB8-8B4A-11D0-8D11-00A0C91BC942}") = "10_RotatingTriangle", "Samples\10_RotatingTriangle\10_RotatingTriangle.vcxproj", "{3431726C-A798-4A4A-AC69-E55BB36307F8}"
EndProject
Project("{8BC9CEB8-8B4A-11D0-8D11-00A0C91BC942}") = "11_CameraTest", "Samples\11_CameraTest\11_CameraTest.vcxproj", "{82201C8F-CA63-4651-9D12-A6269DEA6A2B}"
EndProject
Project("{8BC9CEB8-8B4A-11D0-8D11-00A0C91BC942}") = "12_CameraRendering", "Samples\12_CameraRendering\12_CameraRendering.vcxproj", "{1E3EAA4E-951C-4F04-B0F6-DBB27EE6A84A}"
EndProject
Project("{8BC9CEB8-8B4A-11D0-8D11-00A0C91BC942}") = "13_TexturedCube", "Samples\13_TexturedCube\13_TexturedCube.vcxproj", "{58A30A56-CE6F-49DE-888B-B7C68D19F5AC}"
EndProject
Project("{8BC9CEB8-8B4A-11D0-8D11-00A0C91BC942}") = "Framework", "Engine\Framework\Framework.vcxproj", "{57BA2280-2FAA-49AD-8665-FE9FA10FEFE1}"
EndProject
Global
	GlobalSection(SolutionConfigurationPlatforms) = preSolution
		Debug|x64 = Debug|x64
		Debug|x86 = Debug|x86
		Release|x64 = Release|x64
		Release|x86 = Release|x86
	EndGlobalSection
	GlobalSection(ProjectConfigurationPlatforms) = postSolution
		{3EA077BE-CD29-4842-B740-1D746785C778}.Debug|x64.ActiveCfg = Debug|x64
		{3EA077BE-CD29-4842-B740-1D746785C778}.Debug|x64.Build.0 = Debug|x64
		{3EA077BE-CD29-4842-B740-1D746785C778}.Debug|x86.ActiveCfg = Debug|Win32
		{3EA077BE-CD29-4842-B740-1D746785C778}.Debug|x86.Build.0 = Debug|Win32
		{3EA077BE-CD29-4842-B740-1D746785C778}.Release|x64.ActiveCfg = Release|x64
		{3EA077BE-CD29-4842-B740-1D746785C778}.Release|x64.Build.0 = Release|x64
		{3EA077BE-CD29-4842-B740-1D746785C778}.Release|x86.ActiveCfg = Release|Win32
		{3EA077BE-CD29-4842-B740-1D746785C778}.Release|x86.Build.0 = Release|Win32
		{CEA17450-3654-41B3-B546-8423EA46AF26}.Debug|x64.ActiveCfg = Debug|x64
		{CEA17450-3654-41B3-B546-8423EA46AF26}.Debug|x64.Build.0 = Debug|x64
		{CEA17450-3654-41B3-B546-8423EA46AF26}.Debug|x86.ActiveCfg = Debug|Win32
		{CEA17450-3654-41B3-B546-8423EA46AF26}.Debug|x86.Build.0 = Debug|Win32
		{CEA17450-3654-41B3-B546-8423EA46AF26}.Release|x64.ActiveCfg = Release|x64
		{CEA17450-3654-41B3-B546-8423EA46AF26}.Release|x64.Build.0 = Release|x64
		{CEA17450-3654-41B3-B546-8423EA46AF26}.Release|x86.ActiveCfg = Release|Win32
		{CEA17450-3654-41B3-B546-8423EA46AF26}.Release|x86.Build.0 = Release|Win32
		{0E18D7C1-34BC-4F7A-A461-7BB845231ADF}.Debug|x64.ActiveCfg = Debug|x64
		{0E18D7C1-34BC-4F7A-A461-7BB845231ADF}.Debug|x64.Build.0 = Debug|x64
		{0E18D7C1-34BC-4F7A-A461-7BB845231ADF}.Debug|x86.ActiveCfg = Debug|Win32
		{0E18D7C1-34BC-4F7A-A461-7BB845231ADF}.Debug|x86.Build.0 = Debug|Win32
		{0E18D7C1-34BC-4F7A-A461-7BB845231ADF}.Release|x64.ActiveCfg = Release|x64
		{0E18D7C1-34BC-4F7A-A461-7BB845231ADF}.Release|x64.Build.0 = Release|x64
		{0E18D7C1-34BC-4F7A-A461-7BB845231ADF}.Release|x86.ActiveCfg = Release|Win32
		{0E18D7C1-34BC-4F7A-A461-7BB845231ADF}.Release|x86.Build.0 = Release|Win32
		{883D9526-9C85-4471-8730-35E5645427E4}.Debug|x64.ActiveCfg = Debug|x64
		{883D9526-9C85-4471-8730-35E5645427E4}.Debug|x64.Build.0 = Debug|x64
		{883D9526-9C85-4471-8730-35E5645427E4}.Debug|x86.ActiveCfg = Debug|Win32
		{883D9526-9C85-4471-8730-35E5645427E4}.Debug|x86.Build.0 = Debug|Win32
		{883D9526-9C85-4471-8730-35E5645427E4}.Release|x64.ActiveCfg = Release|x64
		{883D9526-9C85-4471-8730-35E5645427E4}.Release|x64.Build.0 = Release|x64
		{883D9526-9C85-4471-8730-35E5645427E4}.Release|x86.ActiveCfg = Release|Win32
		{883D9526-9C85-4471-8730-35E5645427E4}.Release|x86.Build.0 = Release|Win32
		{135EC8ED-9058-416E-96ED-E5A32F589FDC}.Debug|x64.ActiveCfg = Debug|x64
		{135EC8ED-9058-416E-96ED-E5A32F589FDC}.Debug|x64.Build.0 = Debug|x64
		{135EC8ED-9058-416E-96ED-E5A32F589FDC}.Debug|x86.ActiveCfg = Debug|Win32
		{135EC8ED-9058-416E-96ED-E5A32F589FDC}.Debug|x86.Build.0 = Debug|Win32
		{135EC8ED-9058-416E-96ED-E5A32F589FDC}.Release|x64.ActiveCfg = Release|x64
		{135EC8ED-9058-416E-96ED-E5A32F589FDC}.Release|x64.Build.0 = Release|x64
		{135EC8ED-9058-416E-96ED-E5A32F589FDC}.Release|x86.ActiveCfg = Release|Win32
		{135EC8ED-9058-416E-96ED-E5A32F589FDC}.Release|x86.Build.0 = Release|Win32
		{A890DC48-E263-41AA-924D-60AEC7842EC7}.Debug|x64.ActiveCfg = Debug|x64
		{A890DC48-E263-41AA-924D-60AEC7842EC7}.Debug|x64.Build.0 = Debug|x64
		{A890DC48-E263-41AA-924D-60AEC7842EC7}.Debug|x86.ActiveCfg = Debug|Win32
		{A890DC48-E263-41AA-924D-60AEC7842EC7}.Debug|x86.Build.0 = Debug|Win32
		{A890DC48-E263-41AA-924D-60AEC7842EC7}.Release|x64.ActiveCfg = Release|x64
		{A890DC48-E263-41AA-924D-60AEC7842EC7}.Release|x64.Build.0 = Release|x64
		{A890DC48-E263-41AA-924D-60AEC7842EC7}.Release|x86.ActiveCfg = Release|Win32
		{A890DC48-E263-41AA-924D-60AEC7842EC7}.Release|x86.Build.0 = Release|Win32
		{A088F58C-7F70-4F2E-966E-7C6C8BDCC04D}.Debug|x64.ActiveCfg = Debug|x64
		{A088F58C-7F70-4F2E-966E-7C6C8BDCC04D}.Debug|x64.Build.0 = Debug|x64
		{A088F58C-7F70-4F2E-966E-7C6C8BDCC04D}.Debug|x86.ActiveCfg = Debug|Win32
		{A088F58C-7F70-4F2E-966E-7C6C8BDCC04D}.Debug|x86.Build.0 = Debug|Win32
		{A088F58C-7F70-4F2E-966E-7C6C8BDCC04D}.Release|x64.ActiveCfg = Release|x64
		{A088F58C-7F70-4F2E-966E-7C6C8BDCC04D}.Release|x64.Build.0 = Release|x64
		{A088F58C-7F70-4F2E-966E-7C6C8BDCC04D}.Release|x86.ActiveCfg = Release|Win32
		{A088F58C-7F70-4F2E-966E-7C6C8BDCC04D}.Release|x86.Build.0 = Release|Win32
		{0C51D24B-1769-489B-9C9C-14EDBA1F7EC8}.Debug|x64.ActiveCfg = Debug|x64
		{0C51D24B-1769-489B-9C9C-14EDBA1F7EC8}.Debug|x64.Build.0 = Debug|x64
		{0C51D24B-1769-489B-9C9C-14EDBA1F7EC8}.Debug|x86.ActiveCfg = Debug|Win32
		{0C51D24B-1769-489B-9C9C-14EDBA1F7EC8}.Debug|x86.Build.0 = Debug|Win32
		{0C51D24B-1769-489B-9C9C-14EDBA1F7EC8}.Release|x64.ActiveCfg = Release|x64
		{0C51D24B-1769-489B-9C9C-14EDBA1F7EC8}.Release|x64.Build.0 = Release|x64
		{0C51D24B-1769-489B-9C9C-14EDBA1F7EC8}.Release|x86.ActiveCfg = Release|Win32
		{0C51D24B-1769-489B-9C9C-14EDBA1F7EC8}.Release|x86.Build.0 = Release|Win32
		{EC4D3E8B-9384-45FB-BB91-F1F4707DA4FB}.Debug|x64.ActiveCfg = Debug|x64
		{EC4D3E8B-9384-45FB-BB91-F1F4707DA4FB}.Debug|x64.Build.0 = Debug|x64
		{EC4D3E8B-9384-45FB-BB91-F1F4707DA4FB}.Debug|x86.ActiveCfg = Debug|Win32
		{EC4D3E8B-9384-45FB-BB91-F1F4707DA4FB}.Debug|x86.Build.0 = Debug|Win32
		{EC4D3E8B-9384-45FB-BB91-F1F4707DA4FB}.Release|x64.ActiveCfg = Release|x64
		{EC4D3E8B-9384-45FB-BB91-F1F4707DA4FB}.Release|x64.Build.0 = Release|x64
		{EC4D3E8B-9384-45FB-BB91-F1F4707DA4FB}.Release|x86.ActiveCfg = Release|Win32
		{EC4D3E8B-9384-45FB-BB91-F1F4707DA4FB}.Release|x86.Build.0 = Release|Win32
		{5A7AC121-D63E-4261-B9A2-B93BB9DF0052}.Debug|x64.ActiveCfg = Debug|x64
		{5A7AC121-D63E-4261-B9A2-B93BB9DF0052}.Debug|x64.Build.0 = Debug|x64
		{5A7AC121-D63E-4261-B9A2-B93BB9DF0052}.Debug|x86.ActiveCfg = Debug|Win32
		{5A7AC121-D63E-4261-B9A2-B93BB9DF0052}.Debug|x86.Build.0 = Debug|Win32
		{5A7AC121-D63E-4261-B9A2-B93BB9DF0052}.Release|x64.ActiveCfg = Release|x64
		{5A7AC121-D63E-4261-B9A2-B93BB9DF0052}.Release|x64.Build.0 = Release|x64
		{5A7AC121-D63E-4261-B9A2-B93BB9DF0052}.Release|x86.ActiveCfg = Release|Win32
		{5A7AC121-D63E-4261-B9A2-B93BB9DF0052}.Release|x86.Build.0 = Release|Win32
		{F1AB72EF-77AF-4CDC-A6CF-EE061480BDDB}.Debug|x64.ActiveCfg = Debug|x64
		{F1AB72EF-77AF-4CDC-A6CF-EE061480BDDB}.Debug|x64.Build.0 = Debug|x64
		{F1AB72EF-77AF-4CDC-A6CF-EE061480BDDB}.Debug|x86.ActiveCfg = Debug|Win32
		{F1AB72EF-77AF-4CDC-A6CF-EE061480BDDB}.Debug|x86.Build.0 = Debug|Win32
		{F1AB72EF-77AF-4CDC-A6CF-EE061480BDDB}.Release|x64.ActiveCfg = Release|x64
		{F1AB72EF-77AF-4CDC-A6CF-EE061480BDDB}.Release|x64.Build.0 = Release|x64
		{F1AB72EF-77AF-4CDC-A6CF-EE061480BDDB}.Release|x86.ActiveCfg = Release|Win32
		{F1AB72EF-77AF-4CDC-A6CF-EE061480BDDB}.Release|x86.Build.0 = Release|Win32
		{22D355CB-BA28-4224-BDF4-CED25C8A3874}.Debug|x64.ActiveCfg = Debug|x64
		{22D355CB-BA28-4224-BDF4-CED25C8A3874}.Debug|x64.Build.0 = Debug|x64
		{22D355CB-BA28-4224-BDF4-CED25C8A3874}.Debug|x86.ActiveCfg = Debug|Win32
		{22D355CB-BA28-4224-BDF4-CED25C8A3874}.Debug|x86.Build.0 = Debug|Win32
		{22D355CB-BA28-4224-BDF4-CED25C8A3874}.Release|x64.ActiveCfg = Release|x64
		{22D355CB-BA28-4224-BDF4-CED25C8A3874}.Release|x64.Build.0 = Release|x64
		{22D355CB-BA28-4224-BDF4-CED25C8A3874}.Release|x86.ActiveCfg = Release|Win32
		{22D355CB-BA28-4224-BDF4-CED25C8A3874}.Release|x86.Build.0 = Release|Win32
		{F40C9725-D390-44C3-B1EF-FFAFF0E95B86}.Debug|x64.ActiveCfg = Debug|x64
		{F40C9725-D390-44C3-B1EF-FFAFF0E95B86}.Debug|x64.Build.0 = Debug|x64
		{F40C9725-D390-44C3-B1EF-FFAFF0E95B86}.Debug|x86.ActiveCfg = Debug|Win32
		{F40C9725-D390-44C3-B1EF-FFAFF0E95B86}.Debug|x86.Build.0 = Debug|Win32
		{F40C9725-D390-44C3-B1EF-FFAFF0E95B86}.Release|x64.ActiveCfg = Release|x64
		{F40C9725-D390-44C3-B1EF-FFAFF0E95B86}.Release|x64.Build.0 = Release|x64
		{F40C9725-D390-44C3-B1EF-FFAFF0E95B86}.Release|x86.ActiveCfg = Release|Win32
		{F40C9725-D390-44C3-B1EF-FFAFF0E95B86}.Release|x86.Build.0 = Release|Win32
		{3431726C-A798-4A4A-AC69-E55BB36307F8}.Debug|x64.ActiveCfg = Debug|x64
		{3431726C-A798-4A4A-AC69-E55BB36307F8}.Debug|x64.Build.0 = Debug|x64
		{3431726C-A798-4A4A-AC69-E55BB36307F8}.Debug|x86.ActiveCfg = Debug|Win32
		{3431726C-A798-4A4A-AC69-E55BB36307F8}.Debug|x86.Build.0 = Debug|Win32
		{3431726C-A798-4A4A-AC69-E55BB36307F8}.Release|x64.ActiveCfg = Release|x64
		{3431726C-A798-4A4A-AC69-E55BB36307F8}.Release|x64.Build.0 = Release|x64
		{3431726C-A798-4A4A-AC69-E55BB36307F8}.Release|x86.ActiveCfg = Release|Win32
		{3431726C-A798-4A4A-AC69-E55BB36307F8}.Release|x86.Build.0 = Release|Win32
		{82201C8F-CA63-4651-9D12-A6269DEA6A2B}.Debug|x64.ActiveCfg = Debug|x64
		{82201C8F-CA63-4651-9D12-A6269DEA6A2B}.Debug|x64.Build.0 = Debug|x64
		{82201C8F-CA63-4651-9D12-A6269DEA6A2B}.Debug|x86.ActiveCfg = Debug|Win32
		{82201C8F-CA63-4651-9D12-A6269DEA6A2B}.Debug|x86.Build.0 = Debug|Win32
		{82201C8F-CA63-4651-9D12-A6269DEA6A2B}.Release|x64.ActiveCfg = Release|x64
		{82201C8F-CA63-4651-9D12-A6269DEA6A2B}.Release|x64.Build.0 = Release|x64
		{82201C8F-CA63-4651-9D12-A6269DEA6A2B}.Release|x86.ActiveCfg = Release|Win32
		{82201C8F-CA63-4651-9D12-A6269DEA6A2B}.Release|x86.Build.0 = Release|Win32
		{1E3EAA4E-951C-4F04-B0F6-DBB27EE6A84A}.Debug|x64.ActiveCfg = Debug|x64
		{1E3EAA4E-951C-4F04-B0F6-DBB27EE6A84A}.Debug|x64.Build.0 = Debug|x64
		{1E3EAA4E-951C-4F04-B0F6-DBB27EE6A84A}.Debug|x86.ActiveCfg = Debug|Win32
		{1E3EAA4E-951C-4F04-B0F6-DBB27EE6A84A}.Debug|x86.Build.0 = Debug|Win32
		{1E3EAA4E-951C-4F04-B0F6-DBB27EE6A84A}.Release|x64.ActiveCfg = Release|x64
		{1E3EAA4E-951C-4F04-B0F6-DBB27EE6A84A}.Release|x64.Build.0 = Release|x64
		{1E3EAA4E-951C-4F04-B0F6-DBB27EE6A84A}.Release|x86.ActiveCfg = Release|Win32
		{1E3EAA4E-951C-4F04-B0F6-DBB27EE6A84A}.Release|x86.Build.0 = Release|Win32
		{58A30A56-CE6F-49DE-888B-B7C68D19F5AC}.Debug|x64.ActiveCfg = Debug|x64
		{58A30A56-CE6F-49DE-888B-B7C68D19F5AC}.Debug|x64.Build.0 = Debug|x64
		{58A30A56-CE6F-49DE-888B-B7C68D19F5AC}.Debug|x86.ActiveCfg = Debug|Win32
		{58A30A56-CE6F-49DE-888B-B7C68D19F5AC}.Debug|x86.Build.0 = Debug|Win32
		{58A30A56-CE6F-49DE-888B-B7C68D19F5AC}.Release|x64.ActiveCfg = Release|x64
		{58A30A56-CE6F-49DE-888B-B7C68D19F5AC}.Release|x64.Build.0 = Release|x64
		{58A30A56-CE6F-49DE-888B-B7C68D19F5AC}.Release|x86.ActiveCfg = Release|Win32
		{58A30A56-CE6F-49DE-888B-B7C68D19F5AC}.Release|x86.Build.0 = Release|Win32
		{57BA2280-2FAA-49AD-8665-FE9FA10FEFE1}.Debug|x64.ActiveCfg = Debug|x64
		{57BA2280-2FAA-49AD-8665-FE9FA10FEFE1}.Debug|x64.Build.0 = Debug|x64
		{57BA2280-2FAA-49AD-8665-FE9FA10FEFE1}.Debug|x86.ActiveCfg = Debug|Win32
		{57BA2280-2FAA-49AD-8665-FE9FA10FEFE1}.Debug|x86.Build.0 = Debug|Win32
		{57BA2280-2FAA-49AD-8665-FE9FA10FEFE1}.Release|x64.ActiveCfg = Release|x64
		{57BA2280-2FAA-49AD-8665-FE9FA10FEFE1}.Release|x64.Build.0 = Release|x64
		{57BA2280-2FAA-49AD-8665-FE9FA10FEFE1}.Release|x86.ActiveCfg = Release|Win32
		{57BA2280-2FAA-49AD-8665-FE9FA10FEFE1}.Release|x86.Build.0 = Release|Win32
	EndGlobalSection
	GlobalSection(SolutionProperties) = preSolution
		HideSolutionNode = FALSE
	EndGlobalSection
	GlobalSection(NestedProjects) = preSolution
		{CEA17450-3654-41B3-B546-8423EA46AF26} = {02EA681E-C7D8-13C7-8484-4AC65E1B71E8}
		{0E18D7C1-34BC-4F7A-A461-7BB845231ADF} = {02EA681E-C7D8-13C7-8484-4AC65E1B71E8}
		{883D9526-9C85-4471-8730-35E5645427E4} = {02EA681E-C7D8-13C7-8484-4AC65E1B71E8}
		{A890DC48-E263-41AA-924D-60AEC7842EC7} = {02EA681E-C7D8-13C7-8484-4AC65E1B71E8}
		{A088F58C-7F70-4F2E-966E-7C6C8BDCC04D} = {02EA681E-C7D8-13C7-8484-4AC65E1B71E8}
		{EC4D3E8B-9384-45FB-BB91-F1F4707DA4FB} = {02EA681E-C7D8-13C7-8484-4AC65E1B71E8}
		{5A7AC121-D63E-4261-B9A2-B93BB9DF0052} = {02EA681E-C7D8-13C7-8484-4AC65E1B71E8}
		{22D355CB-BA28-4224-BDF4-CED25C8A3874} = {02EA681E-C7D8-13C7-8484-4AC65E1B71E8}
		{F40C9725-D390-44C3-B1EF-FFAFF0E95B86} = {02EA681E-C7D8-13C7-8484-4AC65E1B71E8}
		{3431726C-A798-4A4A-AC69-E55BB36307F8} = {02EA681E-C7D8-13C7-8484-4AC65E1B71E8}
		{82201C8F-CA63-4651-9D12-A6269DEA6A2B} = {02EA681E-C7D8-13C7-8484-4AC65E1B71E8}
		{1E3EAA4E-951C-4F04-B0F6-DBB27EE6A84A} = {02EA681E-C7D8-13C7-8484-4AC65E1B71E8}
		{58A30A56-CE6F-49DE-888B-B7C68D19F5AC} = {02EA681E-C7D8-13C7-8484-4AC65E1B71E8}
	EndGlobalSection
	GlobalSection(ExtensibilityGlobals) = postSolution
		SolutionGuid = {754062E7-A9C4-434F-8C97-CBA9430783A5}
	EndGlobalSection
EndGlobal
