<?xml version="1.0" encoding="utf-8"?>
<Project ToolsVersion="4.0" xmlns="http://schemas.microsoft.com/developer/msbuild/2003">
  <ItemGroup>
    <Filter Include="Source Files">
      <UniqueIdentifier>{a8289f2e-0dfc-4a39-b87e-0ad8b686c251}</UniqueIdentifier>
    </Filter>
    <Filter Include="Header Files">
      <UniqueIdentifier>{cb16e796-7fe0-4879-84f2-84801ee31b6d}</UniqueIdentifier>
    </Filter>
    <Filter Include="Header Files\Resources">
      <UniqueIdentifier>{4c3bd0e3-43f0-42ea-a9a7-11c8f8c9ef57}</UniqueIdentifier>
    </Filter>
    <Filter Include="Source Files\Resources">
      <UniqueIdentifier>{2523286a-970e-4568-a481-40a3c61b0bc1}</UniqueIdentifier>
    </Filter>
    <Filter Include="Header Files\DebugUI">
      <UniqueIdentifier>{bb50d48d-f128-4734-aea5-6f1620ca77e8}</UniqueIdentifier>
    </Filter>
    <Filter Include="Source Files\DebugUI">
      <UniqueIdentifier>{446bb36e-1e2e-44e7-8db9-414245c36bdf}</UniqueIdentifier>
    </Filter>
    <Filter Include="imgui">
      <UniqueIdentifier>{a794399d-783c-4672-8100-d622ebf9a55f}</UniqueIdentifier>
    </Filter>
    <Filter Include="Header Files\Assets">
      <UniqueIdentifier>{de357bf0-e775-41d9-a06b-be0d23f7fdfb}</UniqueIdentifier>
    </Filter>
    <Filter Include="Source Files\Assets">
      <UniqueIdentifier>{dc61b234-6edf-452b-87bf-cc1d28390599}</UniqueIdentifier>
    </Filter>
    <Filter Include="mikktspace">
      <UniqueIdentifier>{874c49fa-6a3f-4448-a7be-a3cf405f309a}</UniqueIdentifier>
    </Filter>
  </ItemGroup>
  <ItemGroup>
    <ClCompile Include="pch.cpp">
      <Filter>Source Files</Filter>
    </ClCompile>
    <ClCompile Include="..\src\Framework\Application.cpp">
      <Filter>Source Files</Filter>
    </ClCompile>
    <ClCompile Include="..\src\Framework\Resources\ResourceManager.cpp">
      <Filter>Source Files\Resources</Filter>
    </ClCompile>
    <ClCompile Include="..\..\ThirdParty\imgui\imgui.cpp">
      <Filter>imgui</Filter>
    </ClCompile>
    <ClCompile Include="..\..\ThirdParty\imgui\imgui_draw.cpp">
      <Filter>imgui</Filter>
    </ClCompile>
    <ClCompile Include="..\..\ThirdParty\imgui\imgui_impl_dx12.cpp">
      <Filter>imgui</Filter>
    </ClCompile>
    <ClCompile Include="..\..\ThirdParty\imgui\imgui_impl_win32.cpp">
      <Filter>imgui</Filter>
    </ClCompile>
    <ClCompile Include="..\..\ThirdParty\imgui\imgui_tables.cpp">
      <Filter>imgui</Filter>
    </ClCompile>
    <ClCompile Include="..\..\ThirdParty\imgui\imgui_widgets.cpp">
      <Filter>imgui</Filter>
    </ClCompile>
    <ClCompile Include="..\src\Framework\DebugUI\ImGuiManager.cpp">
      <Filter>Source Files\DebugUI</Filter>
    </ClCompile>
    <ClCompile Include="..\..\ThirdParty\imgui\imgui_demo.cpp">
      <Filter>imgui</Filter>
    </ClCompile>
    <ClCompile Include="..\src\Framework\DebugUI\PerformancePanel.cpp">
      <Filter>Source Files\DebugUI</Filter>
    </ClCompile>
    <ClCompile Include="..\src\Framework\DebugUI\ECSInspector.cpp">
      <Filter>Source Files\DebugUI</Filter>
    </ClCompile>
    <ClCompile Include="..\src\Framework\DebugUI\DebugVisualizationPanel.cpp">
      <Filter>Source Files\DebugUI</Filter>
    </ClCompile>
    <ClCompile Include="..\src\Framework\Assets\AnimationAsset.cpp">
      <Filter>Source Files\Assets</Filter>
    </ClCompile>
    <ClCompile Include="..\src\Framework\Assets\MaterialAsset.cpp">
      <Filter>Source Files\Assets</Filter>
    </ClCompile>
    <ClCompile Include="..\src\Framework\Assets\MeshAsset.cpp">
      <Filter>Source Files\Assets</Filter>
    </ClCompile>
    <ClCompile Include="..\src\Framework\Assets\ModelAsset.cpp">
      <Filter>Source Files\Assets</Filter>
    </ClCompile>
    <ClCompile Include="..\src\Framework\Assets\TextureAsset.cpp">
      <Filter>Source Files\Assets</Filter>
    </ClCompile>
    <ClCompile Include="..\src\Framework\Assets\AssetManager.cpp">
      <Filter>Source Files\Assets</Filter>
    </ClCompile>
    <ClCompile Include="Framework.cpp">
      <Filter>Source Files</Filter>
    </ClCompile>
    <ClCompile Include="..\..\ThirdParty\mikktspace\mikktspace.c">
      <Filter>mikktspace</Filter>
    </ClCompile>
    <ClCompile Include="..\src\Framework\Assets\MikkTSpaceCalculator.cpp">
      <Filter>Source Files\Assets</Filter>
    </ClCompile>
    <ClCompile Include="..\src\Framework\Assets\ModelLoader.cpp">
      <Filter>Source Files\Assets</Filter>
    </ClCompile>
    <ClCompile Include="..\src\Framework\Assets\Hierarchybuilder.cpp" />
  </ItemGroup>
  <ItemGroup>
    <ClInclude Include="pch.h">
      <Filter>Header Files</Filter>
    </ClInclude>
    <ClInclude Include="..\include\Framework\Application.h">
      <Filter>Header Files</Filter>
    </ClInclude>
    <ClInclude Include="..\include\Framework\Resources\ResourceManager.h">
      <Filter>Header Files\Resources</Filter>
    </ClInclude>
    <ClInclude Include="..\include\Framework\Resources\ResourceId.h">
      <Filter>Header Files\Resources</Filter>
    </ClInclude>
    <ClInclude Include="..\include\Framework\DebugUI\ImGuiManager.h">
      <Filter>Header Files\DebugUI</Filter>
    </ClInclude>
    <ClInclude Include="..\include\Framework\DebugUI\PerformancePanel.h">
      <Filter>Header Files\DebugUI</Filter>
    </ClInclude>
    <ClInclude Include="..\include\Framework\DebugUI\ECSInspector.h">
      <Filter>Header Files\DebugUI</Filter>
    </ClInclude>
    <ClInclude Include="..\include\Framework\DebugUI\DebugVisualizationPanel.h">
      <Filter>Header Files\DebugUI</Filter>
    </ClInclude>
    <ClInclude Include="..\include\Framework\Assets\AssetTypes.h">
      <Filter>Header Files\Assets</Filter>
    </ClInclude>
    <ClInclude Include="..\include\Framework\Assets\IAsset.h">
      <Filter>Header Files\Assets</Filter>
    </ClInclude>
    <ClInclude Include="..\include\Framework\Assets\AnimationAsset.h">
      <Filter>Header Files\Assets</Filter>
    </ClInclude>
    <ClInclude Include="..\include\Framework\Assets\MaterialAsset.h">
      <Filter>Header Files\Assets</Filter>
    </ClInclude>
    <ClInclude Include="..\include\Framework\Assets\MeshAsset.h">
      <Filter>Header Files\Assets</Filter>
    </ClInclude>
    <ClInclude Include="..\include\Framework\Assets\ModelAsset.h">
      <Filter>Header Files\Assets</Filter>
    </ClInclude>
    <ClInclude Include="..\include\Framework\Assets\TextureAsset.h">
      <Filter>Header Files\Assets</Filter>
    </ClInclude>
    <ClInclude Include="..\include\Framework\Assets\AssetHandle.h">
      <Filter>Header Files\Assets</Filter>
    </ClInclude>
    <ClInclude Include="..\include\Framework\Assets\AssetManager.h">
      <Filter>Header Files\Assets</Filter>
    </ClInclude>
    <ClInclude Include="..\include\Framework\Assets\MikkTSpaceCalculator.h">
      <Filter>Header Files\Assets</Filter>
    </ClInclude>
    <ClInclude Include="..\include\Framework\Assets\ModelLoader.h">
      <Filter>Header Files\Assets</Filter>
    </ClInclude>
    <ClInclude Include="..\include\Framework\DebugUI\ImGuiHelper.h">
      <Filter>Header Files\DebugUI</Filter>
    </ClInclude>
    <ClInclude Include="..\include\Framework\Assets\Hierarchybuilder.h" />
  </ItemGroup>
</Project>