<?xml version="1.0" encoding="utf-8"?>
<Project ToolsVersion="4.0" xmlns="http://schemas.microsoft.com/developer/msbuild/2003">
  <ItemGroup>
    <Filter Include="Source Files">
      <UniqueIdentifier>{a8289f2e-0dfc-4a39-b87e-0ad8b686c251}</UniqueIdentifier>
    </Filter>
    <Filter Include="Header Files">
      <UniqueIdentifier>{cb16e796-7fe0-4879-84f2-84801ee31b6d}</UniqueIdentifier>
    </Filter>
    <Filter Include="Header Files\Resources">
      <UniqueIdentifier>{4c3bd0e3-43f0-42ea-a9a7-11c8f8c9ef57}</UniqueIdentifier>
    </Filter>
    <Filter Include="Source Files\Resources">
      <UniqueIdentifier>{2523286a-970e-4568-a481-40a3c61b0bc1}</UniqueIdentifier>
    </Filter>
    <Filter Include="Header Files\Scene">
      <UniqueIdentifier>{b612d706-863f-4829-ab87-56937f0f5213}</UniqueIdentifier>
    </Filter>
    <Filter Include="Source Files\Scene">
      <UniqueIdentifier>{ba01594e-1587-45a7-a7ca-8eba454d6f11}</UniqueIdentifier>
    </Filter>
    <Filter Include="Header Files\DebugUI">
      <UniqueIdentifier>{bb50d48d-f128-4734-aea5-6f1620ca77e8}</UniqueIdentifier>
    </Filter>
    <Filter Include="Source Files\DebugUI">
      <UniqueIdentifier>{446bb36e-1e2e-44e7-8db9-414245c36bdf}</UniqueIdentifier>
    </Filter>
    <Filter Include="imgui">
      <UniqueIdentifier>{a794399d-783c-4672-8100-d622ebf9a55f}</UniqueIdentifier>
    </Filter>
  </ItemGroup>
  <ItemGroup>
    <ClCompile Include="pch.cpp">
      <Filter>Source Files</Filter>
    </ClCompile>
    <ClCompile Include="..\src\Framework\Application.cpp">
      <Filter>Source Files</Filter>
    </ClCompile>
    <ClCompile Include="..\src\Framework\Resources\ResourceManager.cpp">
      <Filter>Source Files\Resources</Filter>
    </ClCompile>
    <ClCompile Include="Framework.cpp">
      <Filter>Source Files</Filter>
    </ClCompile>
    <ClCompile Include="..\src\Framework\Scene\GameObject.cpp">
      <Filter>Source Files\Scene</Filter>
    </ClCompile>
    <ClCompile Include="..\src\Framework\Scene\Scene.cpp">
      <Filter>Source Files\Scene</Filter>
    </ClCompile>
    <ClCompile Include="..\..\ThirdParty\imgui\imgui.cpp">
      <Filter>imgui</Filter>
    </ClCompile>
    <ClCompile Include="..\..\ThirdParty\imgui\imgui_draw.cpp">
      <Filter>imgui</Filter>
    </ClCompile>
    <ClCompile Include="..\..\ThirdParty\imgui\imgui_impl_dx12.cpp">
      <Filter>imgui</Filter>
    </ClCompile>
    <ClCompile Include="..\..\ThirdParty\imgui\imgui_impl_win32.cpp">
      <Filter>imgui</Filter>
    </ClCompile>
    <ClCompile Include="..\..\ThirdParty\imgui\imgui_tables.cpp">
      <Filter>imgui</Filter>
    </ClCompile>
    <ClCompile Include="..\..\ThirdParty\imgui\imgui_widgets.cpp">
      <Filter>imgui</Filter>
    </ClCompile>
    <ClCompile Include="..\src\Framework\DebugUI\ImGuiManager.cpp">
      <Filter>Source Files\DebugUI</Filter>
    </ClCompile>
    <ClCompile Include="..\..\ThirdParty\imgui\imgui_demo.cpp">
      <Filter>imgui</Filter>
    </ClCompile>
    <ClCompile Include="..\src\Framework\DebugUI\PerformancePanel.cpp">
      <Filter>Source Files\DebugUI</Filter>
    </ClCompile>
    <ClCompile Include="..\src\Framework\DebugUI\ECSInspector.cpp">
      <Filter>Source Files\DebugUI</Filter>
    </ClCompile>
    <ClCompile Include="..\src\Framework\DebugUI\DebugVisualizationPanel.cpp">
      <Filter>Source Files\DebugUI</Filter>
    </ClCompile>
  </ItemGroup>
  <ItemGroup>
    <ClInclude Include="pch.h">
      <Filter>Header Files</Filter>
    </ClInclude>
    <ClInclude Include="..\include\Framework\Application.h">
      <Filter>Header Files</Filter>
    </ClInclude>
    <ClInclude Include="..\include\Framework\Resources\ResourceManager.h">
      <Filter>Header Files\Resources</Filter>
    </ClInclude>
    <ClInclude Include="..\include\Framework\Scene\GameObject.h">
      <Filter>Header Files\Scene</Filter>
    </ClInclude>
    <ClInclude Include="..\include\Framework\Scene\Scene.h">
      <Filter>Header Files\Scene</Filter>
    </ClInclude>
    <ClInclude Include="..\include\Framework\Resources\ResourceId.h">
      <Filter>Header Files\Resources</Filter>
    </ClInclude>
    <ClInclude Include="..\include\Framework\DebugUI\ImGuiManager.h">
      <Filter>Header Files\DebugUI</Filter>
    </ClInclude>
    <ClInclude Include="..\include\Framework\DebugUI\PerformancePanel.h">
      <Filter>Header Files\DebugUI</Filter>
    </ClInclude>
    <ClInclude Include="..\include\Framework\DebugUI\ECSInspector.h">
      <Filter>Header Files\DebugUI</Filter>
    </ClInclude>
    <ClInclude Include="..\include\Framework\DebugUI\DebugVisualizationPanel.h">
      <Filter>Header Files\DebugUI</Filter>
    </ClInclude>
  </ItemGroup>
</Project>