<?xml version="1.0" encoding="utf-8"?>
<Project ToolsVersion="4.0" xmlns="http://schemas.microsoft.com/developer/msbuild/2003">
  <ItemGroup>
    <Filter Include="Header Files">
      <UniqueIdentifier>{93995380-89BD-4b04-88EB-625FBE52EBFB}</UniqueIdentifier>
      <Extensions>h;hh;hpp;hxx;h++;hm;inl;inc;ipp;xsd</Extensions>
    </Filter>
    <Filter Include="Source Files">
      <UniqueIdentifier>{4FC737F1-C7A5-4376-A066-2A32D752A2FF}</UniqueIdentifier>
      <Extensions>cpp;c;cc;cxx;c++;cppm;ixx;def;odl;idl;hpj;bat;asm;asmx</Extensions>
    </Filter>
    <Filter Include="Header Files\DX12">
      <UniqueIdentifier>{43326d06-b0f4-4e0c-931e-ff213edccd4e}</UniqueIdentifier>
    </Filter>
    <Filter Include="Source Files\DX12">
      <UniqueIdentifier>{14c7942a-5417-4d87-ae0b-5ed716494d39}</UniqueIdentifier>
    </Filter>
  </ItemGroup>
  <ItemGroup>
    <ClCompile Include="..\src\Graphics\DX12\DX12CommandContext.cpp">
      <Filter>Source Files\DX12</Filter>
    </ClCompile>
    <ClCompile Include="..\src\Graphics\DX12\DX12CommandQueue.cpp">
      <Filter>Source Files\DX12</Filter>
    </ClCompile>
    <ClCompile Include="..\src\Graphics\DX12\DX12DescriptorHeap.cpp">
      <Filter>Source Files\DX12</Filter>
    </ClCompile>
    <ClCompile Include="..\src\Graphics\DX12\DX12Device.cpp">
      <Filter>Source Files\DX12</Filter>
    </ClCompile>
    <ClCompile Include="..\src\Graphics\DX12\DX12SwapChain.cpp">
      <Filter>Source Files\DX12</Filter>
    </ClCompile>
    <ClCompile Include="..\src\Graphics\Graphics.cpp">
      <Filter>Source Files</Filter>
    </ClCompile>
    <ClCompile Include="..\src\Graphics\DX12\DX12VertexBuffer.cpp">
      <Filter>Source Files\DX12</Filter>
    </ClCompile>
    <ClCompile Include="..\src\Graphics\DX12\DX12Renderer.cpp">
      <Filter>Source Files\DX12</Filter>
    </ClCompile>
    <ClCompile Include="..\src\Graphics\DX12\DX12IndexBuffer.cpp">
      <Filter>Source Files\DX12</Filter>
    </ClCompile>
    <ClCompile Include="..\src\Graphics\DX12\DX12GraphicsRootSignature.cpp">
      <Filter>Source Files\DX12</Filter>
    </ClCompile>
    <ClCompile Include="..\src\Graphics\DX12\DX12ShaderCompiler.cpp">
      <Filter>Source Files\DX12</Filter>
    </ClCompile>
    <ClCompile Include="..\src\Graphics\DX12\DX12PipelineState.cpp">
      <Filter>Source Files\DX12</Filter>
    </ClCompile>
  </ItemGroup>
  <ItemGroup>
    <ClInclude Include="..\include\Graphics\DX12\d3dx12.h">
      <Filter>Header Files\DX12</Filter>
    </ClInclude>
    <ClInclude Include="..\include\Graphics\DX12\DX12CommandContext.h">
      <Filter>Header Files\DX12</Filter>
    </ClInclude>
    <ClInclude Include="..\include\Graphics\DX12\DX12CommandQueue.h">
      <Filter>Header Files\DX12</Filter>
    </ClInclude>
    <ClInclude Include="..\include\Graphics\DX12\DX12DescriptorHeap.h">
      <Filter>Header Files\DX12</Filter>
    </ClInclude>
    <ClInclude Include="..\include\Graphics\DX12\DX12Device.h">
      <Filter>Header Files\DX12</Filter>
    </ClInclude>
    <ClInclude Include="..\include\Graphics\DX12\DX12SwapChain.h">
      <Filter>Header Files\DX12</Filter>
    </ClInclude>
    <ClInclude Include="..\include\Graphics\GraphicsTypes.h">
      <Filter>Header Files</Filter>
    </ClInclude>
    <ClInclude Include="..\include\Graphics\DX12\DX12VertexBuffer.h">
      <Filter>Header Files\DX12</Filter>
    </ClInclude>
    <ClInclude Include="..\include\Graphics\DX12\DX12Renderer.h">
      <Filter>Header Files\DX12</Filter>
    </ClInclude>
    <ClInclude Include="..\include\Graphics\DX12\DX12IndexBuffer.h">
      <Filter>Header Files\DX12</Filter>
    </ClInclude>
    <ClInclude Include="..\include\Graphics\DX12\DX12GraphicsRootSignature.h">
      <Filter>Header Files\DX12</Filter>
    </ClInclude>
    <ClInclude Include="..\include\Graphics\DX12\DX12ShaderCompiler.h">
      <Filter>Header Files\DX12</Filter>
    </ClInclude>
    <ClInclude Include="..\include\Graphics\DX12\DX12PipelineState.h">
      <Filter>Header Files\DX12</Filter>
    </ClInclude>
  </ItemGroup>
</Project>